
Microsoft Visual Studio Solution File, Format Version 12.00
# Visual Studio Version 17
VisualStudioVersion = 17.14.36109.1 d17.14
MinimumVisualStudioVersion = 10.0.40219.1
Project("{FAE04EC0-301F-11D3-BF4B-00C04F79EFBC}") = "MyLaptopClass", "MyLaptopClass\MyLaptopClass.csproj", "{2ED85FC5-AA32-42EE-8F8A-167B948CEEE2}"
EndProject
Global
	GlobalSection(SolutionConfigurationPlatforms) = preSolution
		Debug|Any CPU = Debug|Any CPU
		Release|Any CPU = Release|Any CPU
	EndGlobalSection
	GlobalSection(ProjectConfigurationPlatforms) = postSolution
		{2ED85FC5-AA32-42EE-8F8A-167B948CEEE2}.Debug|Any CPU.ActiveCfg = Debug|Any CPU
		{2ED85FC5-AA32-42EE-8F8A-167B948CEEE2}.Debug|Any CPU.Build.0 = Debug|Any CPU
		{2ED85FC5-AA32-42EE-8F8A-167B948CEEE2}.Release|Any CPU.ActiveCfg = Release|Any CPU
		{2ED85FC5-AA32-42EE-8F8A-167B948CEEE2}.Release|Any CPU.Build.0 = Release|Any CPU
	EndGlobalSection
	GlobalSection(SolutionProperties) = preSolution
		HideSolutionNode = FALSE
	EndGlobalSection
	GlobalSection(ExtensibilityGlobals) = postSolution
		SolutionGuid = {E82D6AE0-B78B-4D16-8EB7-6D45E9EFA7C8}
	EndGlobalSection
EndGlobal
